{
  "version": 4,
  "terraform_version": "1.4.6",
  "serial": 8,
  "lineage": "9f8c7592-c3c6-0c6a-8af4-ff2401f002c1",
  "outputs": {
    "git_actions_oidc": {
      "value": "arn:aws:iam::411854276167:role/bootcamp31-git-oidc",
      "type": "string"
    }
  },
  "resources": [
    {
      "mode": "data",
      "type": "aws_iam_policy_document",
      "name": "git_aws_oidc",
      "provider": "provider[\"registry.terraform.io/hashicorp/aws\"]",
      "instances": [
        {
          "schema_version": 0,
          "attributes": {
            "id": "315833456",
            "json": "{\n  \"Version\": \"2012-10-17\",\n  \"Statement\": [\n    {\n      \"Effect\": \"Allow\",\n      \"Action\": \"sts:AssumeRoleWithWebIdentity\",\n      \"Principal\": {\n        \"Federated\": \"arn:aws:iam::411854276167:oidc-provider/token.actions.githubusercontent.com\"\n      },\n      \"Condition\": {\n        \"StringEquals\": {\n          \"token.actions.githubusercontent.com:aud\": \"sts.amazonaws.com\"\n        },\n        \"StringLike\": {\n          \"token.actions.githubusercontent.com:sub\": \"repo:Kenmakhanu/bootcamp31-actions-oidc:*\"\n        }\n      }\n    }\n  ]\n}",
            "override_policy_documents": null,
            "policy_id": null,
            "source_policy_documents": null,
            "statement": [
              {
                "actions": [
                  "sts:AssumeRoleWithWebIdentity"
                ],
                "condition": [
                  {
                    "test": "StringEquals",
                    "values": [
                      "sts.amazonaws.com"
                    ],
                    "variable": "token.actions.githubusercontent.com:aud"
                  },
                  {
                    "test": "StringLike",
                    "values": [
                      "repo:Kenmakhanu/bootcamp31-actions-oidc:*"
                    ],
                    "variable": "token.actions.githubusercontent.com:sub"
                  }
                ],
                "effect": "Allow",
                "not_actions": [],
                "not_principals": [],
                "not_resources": [],
                "principals": [
                  {
                    "identifiers": [
                      "arn:aws:iam::411854276167:oidc-provider/token.actions.githubusercontent.com"
                    ],
                    "type": "Federated"
                  }
                ],
                "resources": [],
                "sid": ""
              }
            ],
            "version": "2012-10-17"
          },
          "sensitive_attributes": []
        }
      ]
    },
    {
      "mode": "data",
      "type": "tls_certificate",
      "name": "eks",
      "provider": "provider[\"registry.terraform.io/hashicorp/tls\"]",
      "instances": [
        {
          "schema_version": 0,
          "attributes": {
            "certificates": [
              {
                "cert_pem": "-----BEGIN CERTIFICATE-----\nMIIEvjCCA6agAwIBAgIQBtjZBNVYQ0b2ii+nVCJ+xDANBgkqhkiG9w0BAQsFADBh\nMQswCQYDVQQGEwJVUzEVMBMGA1UEChMMRGlnaUNlcnQgSW5jMRkwFwYDVQQLExB3\nd3cuZGlnaWNlcnQuY29tMSAwHgYDVQQDExdEaWdpQ2VydCBHbG9iYWwgUm9vdCBD\nQTAeFw0yMTA0MTQwMDAwMDBaFw0zMTA0MTMyMzU5NTlaME8xCzAJBgNVBAYTAlVT\nMRUwEwYDVQQKEwxEaWdpQ2VydCBJbmMxKTAnBgNVBAMTIERpZ2lDZXJ0IFRMUyBS\nU0EgU0hBMjU2IDIwMjAgQ0ExMIIBIjANBgkqhkiG9w0BAQEFAAOCAQ8AMIIBCgKC\nAQEAwUuzZUdwvN1PWNvsnO3DZuUfMRNUrUpmRh8sCuxkB+Uu3Ny5CiDt3+PE0J6a\nqXodgojlEVbbHp9YwlHnLDQNLtKS4VbL8Xlfs7uHyiUDe5pSQWYQYE9XE0nw6Ddn\ng9/n00tnTCJRpt8OmRDtV1F0JuJ9x8piLhMbfyOIJVNvwTRYAIuE//i+p1hJInuW\nraKImxW8oHzf6VGo1bDtN+I2tIJLYrVJmuzHZ9bjPvXj1hJeRPG/cUJ9WIQDgLGB\nAfr5yjK7tI4nhyfFK3TUqNaX3sNk+crOU6JWvHgXjkkDKa77SU+kFbnO8lwZV21r\neacroicgE7XQPUDTITAHk+qZ9QIDAQABo4IBgjCCAX4wEgYDVR0TAQH/BAgwBgEB\n/wIBADAdBgNVHQ4EFgQUt2ui6qiqhIx56rTaD5iyxZV2ufQwHwYDVR0jBBgwFoAU\nA95QNVbRTLtm8KPiGxvDl7I90VUwDgYDVR0PAQH/BAQDAgGGMB0GA1UdJQQWMBQG\nCCsGAQUFBwMBBggrBgEFBQcDAjB2BggrBgEFBQcBAQRqMGgwJAYIKwYBBQUHMAGG\nGGh0dHA6Ly9vY3NwLmRpZ2ljZXJ0LmNvbTBABggrBgEFBQcwAoY0aHR0cDovL2Nh\nY2VydHMuZGlnaWNlcnQuY29tL0RpZ2lDZXJ0R2xvYmFsUm9vdENBLmNydDBCBgNV\nHR8EOzA5MDegNaAzhjFodHRwOi8vY3JsMy5kaWdpY2VydC5jb20vRGlnaUNlcnRH\nbG9iYWxSb290Q0EuY3JsMD0GA1UdIAQ2MDQwCwYJYIZIAYb9bAIBMAcGBWeBDAEB\nMAgGBmeBDAECATAIBgZngQwBAgIwCAYGZ4EMAQIDMA0GCSqGSIb3DQEBCwUAA4IB\nAQCAMs5eC91uWg0Kr+HWhMvAjvqFcO3aXbMM9yt1QP6FCvrzMXi3cEsaiVi6gL3z\nax3pfs8LulicWdSQ0/1s/dCYbbdxglvPbQtaCdB73sRD2Cqk3p5BJl+7j5nL3a7h\nqG+fh/50tx8bIKuxT8b1Z11dmzzp/2n3YWzW2fP9NsarA4h20ksudYbj/NhVfSbC\nEXffPgK2fPOre3qGNm+499iTcc+G33Mw+nur7SpZyEKEOxEXGlLzyQ4UfaJbcme6\nce1XR2bFuAJKZTRei9AqPCCcUZlM51Ke92sRKw2Sfh3oius2FkOH6ipjv3U/697E\nA7sKPPcw7+uvTPyLNhBzPvOk\n-----END CERTIFICATE-----\n",
                "is_ca": true,
                "issuer": "CN=DigiCert Global Root CA,OU=www.digicert.com,O=DigiCert Inc,C=US",
                "not_after": "2031-04-13T23:59:59Z",
                "not_before": "2021-04-14T00:00:00Z",
                "public_key_algorithm": "RSA",
                "serial_number": "9101305761976670746388865003982847684",
                "sha1_fingerprint": "1c58a3a8518e8759bf075b76b750d4f2df264fcd",
                "signature_algorithm": "SHA256-RSA",
                "subject": "CN=DigiCert TLS RSA SHA256 2020 CA1,O=DigiCert Inc,C=US",
                "version": 3
              },
              {
                "cert_pem": "-----BEGIN CERTIFICATE-----\nMIIG8jCCBdqgAwIBAgIQCn5zvdee2Vg6XXlzFLM1XDANBgkqhkiG9w0BAQsFADBP\nMQswCQYDVQQGEwJVUzEVMBMGA1UEChMMRGlnaUNlcnQgSW5jMSkwJwYDVQQDEyBE\naWdpQ2VydCBUTFMgUlNBIFNIQTI1NiAyMDIwIENBMTAeFw0yMjExMDQwMDAwMDBa\nFw0yMzExMDcyMzU5NTlaMHsxCzAJBgNVBAYTAlVTMRMwEQYDVQQIEwpDYWxpZm9y\nbmlhMRYwFAYDVQQHEw1TYW4gRnJhbmNpc2NvMRUwEwYDVQQKEwxHaXRIdWIsIElu\nYy4xKDAmBgNVBAMMHyouYWN0aW9ucy5naXRodWJ1c2VyY29udGVudC5jb20wggEi\nMA0GCSqGSIb3DQEBAQUAA4IBDwAwggEKAoIBAQC94vT0wbk+S/Pr5WRRN7NA5dGS\n5aZv3ww34dnFTUiwf8DKYaAnR2TrV3OGDg7Sb7D/laMMhg2gzCyK45RIoqJI3bcN\nX2IPp36ewyyZczV76SD4/BXDqnO6SQ/wFIv4fCKS2jQjqNHG+HUtJNp0/sII4uLn\n2DyMgE06/vTXleTDxRGfTSgOLdLjjM3uftP3VO3hYUOEogmgFtRVl7ggkLgJ+ZWi\n0I9LO039/zsbnygpL+d5HhLBK3Tb4E11wCEen5582rohs1dhPS/Vu1zyXcGIW7n8\nbLV4acK+KyGEnRBbLp890hw+BABQf/C9Uo6F9t/jNtCnTTw+4rkzCY1M8/a1AgMB\nAAGjggOcMIIDmDAfBgNVHSMEGDAWgBS3a6LqqKqEjHnqtNoPmLLFlXa59DAdBgNV\nHQ4EFgQUQgJD/1vA//F/LF4NGvO+N9cN7mIwSQYDVR0RBEIwQIIfKi5hY3Rpb25z\nLmdpdGh1YnVzZXJjb250ZW50LmNvbYIdYWN0aW9ucy5naXRodWJ1c2VyY29udGVu\ndC5jb20wDgYDVR0PAQH/BAQDAgWgMB0GA1UdJQQWMBQGCCsGAQUFBwMBBggrBgEF\nBQcDAjCBjwYDVR0fBIGHMIGEMECgPqA8hjpodHRwOi8vY3JsMy5kaWdpY2VydC5j\nb20vRGlnaUNlcnRUTFNSU0FTSEEyNTYyMDIwQ0ExLTQuY3JsMECgPqA8hjpodHRw\nOi8vY3JsNC5kaWdpY2VydC5jb20vRGlnaUNlcnRUTFNSU0FTSEEyNTYyMDIwQ0Ex\nLTQuY3JsMD4GA1UdIAQ3MDUwMwYGZ4EMAQICMCkwJwYIKwYBBQUHAgEWG2h0dHA6\nLy93d3cuZGlnaWNlcnQuY29tL0NQUzB/BggrBgEFBQcBAQRzMHEwJAYIKwYBBQUH\nMAGGGGh0dHA6Ly9vY3NwLmRpZ2ljZXJ0LmNvbTBJBggrBgEFBQcwAoY9aHR0cDov\nL2NhY2VydHMuZGlnaWNlcnQuY29tL0RpZ2lDZXJ0VExTUlNBU0hBMjU2MjAyMENB\nMS0xLmNydDAJBgNVHRMEAjAAMIIBfAYKKwYBBAHWeQIEAgSCAWwEggFoAWYAdQDo\nPtDaPvUGNTLnVyi8iWvJA9PL0RFr7Otp4Xd9bQa9bgAAAYRErGRdAAAEAwBGMEQC\nHy+p/x51ZahWaQt+UfDcxTyJnRQaO7T/+X90x+3kkmYCIQC7IDygd0wCyBaYeGVc\nnH8Hj76j3logQZVyDAotBT1Y/QB2ALNzdwfhhFD4Y4bWBancEQlKeS2xZwwLh9zw\nAw55NqWaAAABhESsZIoAAAQDAEcwRQIhAMmnFDlLuSOA/UJ/TlIWcj3m8u3EXujf\njG5cfWIGXAs9AiAQnjXxxnebYM0IANOySg/+dHxDNVgGq/px8RvtxoPfZQB1ALc+\n+yTfnE26dfI5xbpY9Gxd/ELPep81xJ4dCYEl7bSZAAABhESsZEcAAAQDAEYwRAIg\nfOzkC+UGgdW08pfaBR18OGq4moGKK+j4/C93RFDev44CIDI0TxiDfya551M/N0pm\naQQNLr5t96xiFVY3aSMfv2qHMA0GCSqGSIb3DQEBCwUAA4IBAQA+duG+V4+gv9eT\nOA/ZSjU+6h29oS2i991HhjD2qDno3IksmGZqJ47cxSC2uJbf04LWcShVOslOp5e6\nlq+lxOEW+Cj65+Y+ORsp4sbSILVn8mj9+kfxTnEPD+A8Ii0YJoj98fc/u5UDM2B1\n00c6TPiKzUtYRBMoitFhAAB4H93d5illIHK2/RYZUPN3hMcDhv3GFxC0j40OBAUA\nuJ5ZrAXfh48ZtVq/qmjfCX7f0ntUcsm85S2oNKAaKqqlGuwjA7ye80O3WHKQLXXM\nevZ35QEWOlwhphLyHhUL6QFCuAe0wL2arESMXnxgaYE7Ka+SexxEiT5ZmdyrcFwg\nBL7FKjOM\n-----END CERTIFICATE-----\n",
                "is_ca": false,
                "issuer": "CN=DigiCert TLS RSA SHA256 2020 CA1,O=DigiCert Inc,C=US",
                "not_after": "2023-11-07T23:59:59Z",
                "not_before": "2022-11-04T00:00:00Z",
                "public_key_algorithm": "RSA",
                "serial_number": "13948856879982995920425685801082500444",
                "sha1_fingerprint": "f879abce0008e4eb126e0097e46620f5aaae26ad",
                "signature_algorithm": "SHA256-RSA",
                "subject": "CN=*.actions.githubusercontent.com,O=GitHub\\, Inc.,L=San Francisco,ST=California,C=US",
                "version": 3
              }
            ],
            "content": null,
            "id": "7eb5508708a4b70fa4fcc76a72d83ee71bfe84ff",
            "url": "https://token.actions.githubusercontent.com",
            "verify_chain": true
          },
          "sensitive_attributes": []
        }
      ]
    },
    {
      "mode": "managed",
      "type": "aws_iam_openid_connect_provider",
      "name": "git",
      "provider": "provider[\"registry.terraform.io/hashicorp/aws\"]",
      "instances": [
        {
          "schema_version": 0,
          "attributes": {
            "arn": "arn:aws:iam::411854276167:oidc-provider/token.actions.githubusercontent.com",
            "client_id_list": [
              "sts.amazonaws.com"
            ],
            "id": "arn:aws:iam::411854276167:oidc-provider/token.actions.githubusercontent.com",
            "tags": null,
            "tags_all": {},
            "thumbprint_list": [
              "1c58a3a8518e8759bf075b76b750d4f2df264fcd"
            ],
            "url": "token.actions.githubusercontent.com"
          },
          "sensitive_attributes": [],
          "private": "bnVsbA==",
          "dependencies": [
            "data.tls_certificate.eks"
          ]
        }
      ]
    },
    {
      "mode": "managed",
      "type": "aws_iam_policy",
      "name": "git_action",
      "provider": "provider[\"registry.terraform.io/hashicorp/aws\"]",
      "instances": [
        {
          "schema_version": 0,
          "attributes": {
            "arn": "arn:aws:iam::411854276167:policy/bootcamp31_oidc_policy",
            "description": "",
            "id": "arn:aws:iam::411854276167:policy/bootcamp31_oidc_policy",
            "name": "bootcamp31_oidc_policy",
            "name_prefix": "",
            "path": "/",
            "policy": "{\"Statement\":[{\"Action\":[\"*\"],\"Effect\":\"Allow\",\"Resource\":\"*\"}],\"Version\":\"2012-10-17\"}",
            "policy_id": "ANPAV7ZDNQZD67VHYFAFB",
            "tags": {},
            "tags_all": {}
          },
          "sensitive_attributes": [],
          "private": "bnVsbA=="
        }
      ]
    },
    {
      "mode": "managed",
      "type": "aws_iam_role",
      "name": "git_action",
      "provider": "provider[\"registry.terraform.io/hashicorp/aws\"]",
      "instances": [
        {
          "schema_version": 0,
          "attributes": {
            "arn": "arn:aws:iam::411854276167:role/bootcamp31-git-oidc",
            "assume_role_policy": "{\"Statement\":[{\"Action\":\"sts:AssumeRoleWithWebIdentity\",\"Condition\":{\"StringEquals\":{\"token.actions.githubusercontent.com:aud\":\"sts.amazonaws.com\"},\"StringLike\":{\"token.actions.githubusercontent.com:sub\":\"repo:Kenmakhanu/bootcamp31-actions-oidc:*\"}},\"Effect\":\"Allow\",\"Principal\":{\"Federated\":\"arn:aws:iam::411854276167:oidc-provider/token.actions.githubusercontent.com\"}}],\"Version\":\"2012-10-17\"}",
            "create_date": "2023-08-08T10:53:33Z",
            "description": "",
            "force_detach_policies": false,
            "id": "bootcamp31-git-oidc",
            "inline_policy": [],
            "managed_policy_arns": [],
            "max_session_duration": 3600,
            "name": "bootcamp31-git-oidc",
            "name_prefix": "",
            "path": "/",
            "permissions_boundary": null,
            "tags": null,
            "tags_all": {},
            "unique_id": "AROAV7ZDNQZDVCAL2HTBL"
          },
          "sensitive_attributes": [],
          "private": "bnVsbA==",
          "dependencies": [
            "aws_iam_openid_connect_provider.git",
            "data.aws_iam_policy_document.git_aws_oidc",
            "data.tls_certificate.eks"
          ]
        }
      ]
    },
    {
      "mode": "managed",
      "type": "aws_iam_role_policy_attachment",
      "name": "git_actions_oidc_attachment",
      "provider": "provider[\"registry.terraform.io/hashicorp/aws\"]",
      "instances": [
        {
          "schema_version": 0,
          "attributes": {
            "id": "bootcamp31-git-oidc-20230808105333663700000001",
            "policy_arn": "arn:aws:iam::411854276167:policy/bootcamp31_oidc_policy",
            "role": "bootcamp31-git-oidc"
          },
          "sensitive_attributes": [],
          "private": "bnVsbA==",
          "dependencies": [
            "aws_iam_openid_connect_provider.git",
            "aws_iam_policy.git_action",
            "aws_iam_role.git_action",
            "data.aws_iam_policy_document.git_aws_oidc",
            "data.tls_certificate.eks"
          ]
        }
      ]
    }
  ],
  "check_results": null
}
